
Microsoft Visual Studio Solution File, Format Version 12.00
# Visual Studio 15
VisualStudioVersion = 15.0.27130.2010
MinimumVisualStudioVersion = 10.0.40219.1
Project("{FAE04EC0-301F-11D3-BF4B-00C04F79EFBC}") = "ShipFolderCreatorAndFiller", "ShipFolderCreatorAndFiller\ShipFolderCreatorAndFiller.csproj", "{AE3D068B-3580-4231-A2EB-F51557F20D87}"
EndProject
Global
	GlobalSection(SolutionConfigurationPlatforms) = preSolution
		Debug|Any CPU = Debug|Any CPU
		Release|Any CPU = Release|Any CPU
	EndGlobalSection
	GlobalSection(ProjectConfigurationPlatforms) = postSolution
		{AE3D068B-3580-4231-A2EB-F51557F20D87}.Debug|Any CPU.ActiveCfg = Debug|Any CPU
		{AE3D068B-3580-4231-A2EB-F51557F20D87}.Debug|Any CPU.Build.0 = Debug|Any CPU
		{AE3D068B-3580-4231-A2EB-F51557F20D87}.Release|Any CPU.ActiveCfg = Release|Any CPU
		{AE3D068B-3580-4231-A2EB-F51557F20D87}.Release|Any CPU.Build.0 = Release|Any CPU
	EndGlobalSection
	GlobalSection(SolutionProperties) = preSolution
		HideSolutionNode = FALSE
	EndGlobalSection
	GlobalSection(ExtensibilityGlobals) = postSolution
		SolutionGuid = {B58F3A29-6D43-4313-80D9-E7011CBD676F}
	EndGlobalSection
EndGlobal
